
Microsoft Visual Studio Solution File, Format Version 12.00
# Visual Studio Version 17
VisualStudioVersion = 17.0.31903.59
MinimumVisualStudioVersion = 10.0.40219.1
Project("{2150E333-8FDC-42A3-9474-1A3956D46DE8}") = "src", "src", "{827E0CD3-B72D-47B6-A68D-7590B98EB39B}"
EndProject
Project("{FAE04EC0-301F-11D3-BF4B-00C04F79EFBC}") = "Shree.Domain", "src\Shree.Domain\Shree.Domain.csproj", "{EE09783D-D265-4DCC-946F-00ABA857B7D3}"
EndProject
Project("{FAE04EC0-301F-11D3-BF4B-00C04F79EFBC}") = "Shree.Application", "src\Shree.Application\Shree.Application.csproj", "{83234A26-13B4-4460-8A7A-617313ED5CE4}"
EndProject
Project("{FAE04EC0-301F-11D3-BF4B-00C04F79EFBC}") = "Shree.Infrastructure", "src\Shree.Infrastructure\Shree.Infrastructure.csproj", "{56012C35-3F68-4B7D-8DEF-5BF9734A2CA4}"
EndProject
Project("{FAE04EC0-301F-11D3-BF4B-00C04F79EFBC}") = "Shree.API", "src\Shree.API\Shree.API.csproj", "{03A88358-64CB-4843-BA00-29C8031F5B2B}"
EndProject
Project("{2150E333-8FDC-42A3-9474-1A3956D46DE8}") = "tests", "tests", "{0AB3BF05-4346-4AA6-1389-037BE0695223}"
EndProject
Project("{FAE04EC0-301F-11D3-BF4B-00C04F79EFBC}") = "Shree.UnitTests", "tests\Shree.UnitTests\Shree.UnitTests.csproj", "{36ADA130-7FA1-4431-93F7-E5DD163D7496}"
EndProject
Project("{FAE04EC0-301F-11D3-BF4B-00C04F79EFBC}") = "Shree.IntegrationTests", "tests\Shree.IntegrationTests\Shree.IntegrationTests.csproj", "{FA8AEFF6-E8E8-4901-BCFC-BA8109916212}"
EndProject
Global
	GlobalSection(SolutionConfigurationPlatforms) = preSolution
		Debug|Any CPU = Debug|Any CPU
		Debug|x64 = Debug|x64
		Debug|x86 = Debug|x86
		Release|Any CPU = Release|Any CPU
		Release|x64 = Release|x64
		Release|x86 = Release|x86
	EndGlobalSection
	GlobalSection(ProjectConfigurationPlatforms) = postSolution
		{EE09783D-D265-4DCC-946F-00ABA857B7D3}.Debug|Any CPU.ActiveCfg = Debug|Any CPU
		{EE09783D-D265-4DCC-946F-00ABA857B7D3}.Debug|Any CPU.Build.0 = Debug|Any CPU
		{EE09783D-D265-4DCC-946F-00ABA857B7D3}.Debug|x64.ActiveCfg = Debug|Any CPU
		{EE09783D-D265-4DCC-946F-00ABA857B7D3}.Debug|x64.Build.0 = Debug|Any CPU
		{EE09783D-D265-4DCC-946F-00ABA857B7D3}.Debug|x86.ActiveCfg = Debug|Any CPU
		{EE09783D-D265-4DCC-946F-00ABA857B7D3}.Debug|x86.Build.0 = Debug|Any CPU
		{EE09783D-D265-4DCC-946F-00ABA857B7D3}.Release|Any CPU.ActiveCfg = Release|Any CPU
		{EE09783D-D265-4DCC-946F-00ABA857B7D3}.Release|Any CPU.Build.0 = Release|Any CPU
		{EE09783D-D265-4DCC-946F-00ABA857B7D3}.Release|x64.ActiveCfg = Release|Any CPU
		{EE09783D-D265-4DCC-946F-00ABA857B7D3}.Release|x64.Build.0 = Release|Any CPU
		{EE09783D-D265-4DCC-946F-00ABA857B7D3}.Release|x86.ActiveCfg = Release|Any CPU
		{EE09783D-D265-4DCC-946F-00ABA857B7D3}.Release|x86.Build.0 = Release|Any CPU
		{83234A26-13B4-4460-8A7A-617313ED5CE4}.Debug|Any CPU.ActiveCfg = Debug|Any CPU
		{83234A26-13B4-4460-8A7A-617313ED5CE4}.Debug|Any CPU.Build.0 = Debug|Any CPU
		{83234A26-13B4-4460-8A7A-617313ED5CE4}.Debug|x64.ActiveCfg = Debug|Any CPU
		{83234A26-13B4-4460-8A7A-617313ED5CE4}.Debug|x64.Build.0 = Debug|Any CPU
		{83234A26-13B4-4460-8A7A-617313ED5CE4}.Debug|x86.ActiveCfg = Debug|Any CPU
		{83234A26-13B4-4460-8A7A-617313ED5CE4}.Debug|x86.Build.0 = Debug|Any CPU
		{83234A26-13B4-4460-8A7A-617313ED5CE4}.Release|Any CPU.ActiveCfg = Release|Any CPU
		{83234A26-13B4-4460-8A7A-617313ED5CE4}.Release|Any CPU.Build.0 = Release|Any CPU
		{83234A26-13B4-4460-8A7A-617313ED5CE4}.Release|x64.ActiveCfg = Release|Any CPU
		{83234A26-13B4-4460-8A7A-617313ED5CE4}.Release|x64.Build.0 = Release|Any CPU
		{83234A26-13B4-4460-8A7A-617313ED5CE4}.Release|x86.ActiveCfg = Release|Any CPU
		{83234A26-13B4-4460-8A7A-617313ED5CE4}.Release|x86.Build.0 = Release|Any CPU
		{56012C35-3F68-4B7D-8DEF-5BF9734A2CA4}.Debug|Any CPU.ActiveCfg = Debug|Any CPU
		{56012C35-3F68-4B7D-8DEF-5BF9734A2CA4}.Debug|Any CPU.Build.0 = Debug|Any CPU
		{56012C35-3F68-4B7D-8DEF-5BF9734A2CA4}.Debug|x64.ActiveCfg = Debug|Any CPU
		{56012C35-3F68-4B7D-8DEF-5BF9734A2CA4}.Debug|x64.Build.0 = Debug|Any CPU
		{56012C35-3F68-4B7D-8DEF-5BF9734A2CA4}.Debug|x86.ActiveCfg = Debug|Any CPU
		{56012C35-3F68-4B7D-8DEF-5BF9734A2CA4}.Debug|x86.Build.0 = Debug|Any CPU
		{56012C35-3F68-4B7D-8DEF-5BF9734A2CA4}.Release|Any CPU.ActiveCfg = Release|Any CPU
		{56012C35-3F68-4B7D-8DEF-5BF9734A2CA4}.Release|Any CPU.Build.0 = Release|Any CPU
		{56012C35-3F68-4B7D-8DEF-5BF9734A2CA4}.Release|x64.ActiveCfg = Release|Any CPU
		{56012C35-3F68-4B7D-8DEF-5BF9734A2CA4}.Release|x64.Build.0 = Release|Any CPU
		{56012C35-3F68-4B7D-8DEF-5BF9734A2CA4}.Release|x86.ActiveCfg = Release|Any CPU
		{56012C35-3F68-4B7D-8DEF-5BF9734A2CA4}.Release|x86.Build.0 = Release|Any CPU
		{03A88358-64CB-4843-BA00-29C8031F5B2B}.Debug|Any CPU.ActiveCfg = Debug|Any CPU
		{03A88358-64CB-4843-BA00-29C8031F5B2B}.Debug|Any CPU.Build.0 = Debug|Any CPU
		{03A88358-64CB-4843-BA00-29C8031F5B2B}.Debug|x64.ActiveCfg = Debug|Any CPU
		{03A88358-64CB-4843-BA00-29C8031F5B2B}.Debug|x64.Build.0 = Debug|Any CPU
		{03A88358-64CB-4843-BA00-29C8031F5B2B}.Debug|x86.ActiveCfg = Debug|Any CPU
		{03A88358-64CB-4843-BA00-29C8031F5B2B}.Debug|x86.Build.0 = Debug|Any CPU
		{03A88358-64CB-4843-BA00-29C8031F5B2B}.Release|Any CPU.ActiveCfg = Release|Any CPU
		{03A88358-64CB-4843-BA00-29C8031F5B2B}.Release|Any CPU.Build.0 = Release|Any CPU
		{03A88358-64CB-4843-BA00-29C8031F5B2B}.Release|x64.ActiveCfg = Release|Any CPU
		{03A88358-64CB-4843-BA00-29C8031F5B2B}.Release|x64.Build.0 = Release|Any CPU
		{03A88358-64CB-4843-BA00-29C8031F5B2B}.Release|x86.ActiveCfg = Release|Any CPU
		{03A88358-64CB-4843-BA00-29C8031F5B2B}.Release|x86.Build.0 = Release|Any CPU
		{36ADA130-7FA1-4431-93F7-E5DD163D7496}.Debug|Any CPU.ActiveCfg = Debug|Any CPU
		{36ADA130-7FA1-4431-93F7-E5DD163D7496}.Debug|Any CPU.Build.0 = Debug|Any CPU
		{36ADA130-7FA1-4431-93F7-E5DD163D7496}.Debug|x64.ActiveCfg = Debug|Any CPU
		{36ADA130-7FA1-4431-93F7-E5DD163D7496}.Debug|x64.Build.0 = Debug|Any CPU
		{36ADA130-7FA1-4431-93F7-E5DD163D7496}.Debug|x86.ActiveCfg = Debug|Any CPU
		{36ADA130-7FA1-4431-93F7-E5DD163D7496}.Debug|x86.Build.0 = Debug|Any CPU
		{36ADA130-7FA1-4431-93F7-E5DD163D7496}.Release|Any CPU.ActiveCfg = Release|Any CPU
		{36ADA130-7FA1-4431-93F7-E5DD163D7496}.Release|Any CPU.Build.0 = Release|Any CPU
		{36ADA130-7FA1-4431-93F7-E5DD163D7496}.Release|x64.ActiveCfg = Release|Any CPU
		{36ADA130-7FA1-4431-93F7-E5DD163D7496}.Release|x64.Build.0 = Release|Any CPU
		{36ADA130-7FA1-4431-93F7-E5DD163D7496}.Release|x86.ActiveCfg = Release|Any CPU
		{36ADA130-7FA1-4431-93F7-E5DD163D7496}.Release|x86.Build.0 = Release|Any CPU
		{FA8AEFF6-E8E8-4901-BCFC-BA8109916212}.Debug|Any CPU.ActiveCfg = Debug|Any CPU
		{FA8AEFF6-E8E8-4901-BCFC-BA8109916212}.Debug|Any CPU.Build.0 = Debug|Any CPU
		{FA8AEFF6-E8E8-4901-BCFC-BA8109916212}.Debug|x64.ActiveCfg = Debug|Any CPU
		{FA8AEFF6-E8E8-4901-BCFC-BA8109916212}.Debug|x64.Build.0 = Debug|Any CPU
		{FA8AEFF6-E8E8-4901-BCFC-BA8109916212}.Debug|x86.ActiveCfg = Debug|Any CPU
		{FA8AEFF6-E8E8-4901-BCFC-BA8109916212}.Debug|x86.Build.0 = Debug|Any CPU
		{FA8AEFF6-E8E8-4901-BCFC-BA8109916212}.Release|Any CPU.ActiveCfg = Release|Any CPU
		{FA8AEFF6-E8E8-4901-BCFC-BA8109916212}.Release|Any CPU.Build.0 = Release|Any CPU
		{FA8AEFF6-E8E8-4901-BCFC-BA8109916212}.Release|x64.ActiveCfg = Release|Any CPU
		{FA8AEFF6-E8E8-4901-BCFC-BA8109916212}.Release|x64.Build.0 = Release|Any CPU
		{FA8AEFF6-E8E8-4901-BCFC-BA8109916212}.Release|x86.ActiveCfg = Release|Any CPU
		{FA8AEFF6-E8E8-4901-BCFC-BA8109916212}.Release|x86.Build.0 = Release|Any CPU
	EndGlobalSection
	GlobalSection(SolutionProperties) = preSolution
		HideSolutionNode = FALSE
	EndGlobalSection
	GlobalSection(NestedProjects) = preSolution
		{EE09783D-D265-4DCC-946F-00ABA857B7D3} = {827E0CD3-B72D-47B6-A68D-7590B98EB39B}
		{83234A26-13B4-4460-8A7A-617313ED5CE4} = {827E0CD3-B72D-47B6-A68D-7590B98EB39B}
		{56012C35-3F68-4B7D-8DEF-5BF9734A2CA4} = {827E0CD3-B72D-47B6-A68D-7590B98EB39B}
		{03A88358-64CB-4843-BA00-29C8031F5B2B} = {827E0CD3-B72D-47B6-A68D-7590B98EB39B}
		{36ADA130-7FA1-4431-93F7-E5DD163D7496} = {0AB3BF05-4346-4AA6-1389-037BE0695223}
		{FA8AEFF6-E8E8-4901-BCFC-BA8109916212} = {0AB3BF05-4346-4AA6-1389-037BE0695223}
	EndGlobalSection
EndGlobal
